
Microsoft Visual Studio Solution File, Format Version 12.00
# Visual Studio Version 16
VisualStudioVersion = 16.0.29613.14
MinimumVisualStudioVersion = 10.0.40219.1
Project("{FAE04EC0-301F-11D3-BF4B-00C04F79EFBC}") = "Remax", "Remax\Remax.csproj", "{186C1ACD-A142-4AF6-852E-704895054D24}"
EndProject
Global
	GlobalSection(SolutionConfigurationPlatforms) = preSolution
		Debug|Any CPU = Debug|Any CPU
		Release|Any CPU = Release|Any CPU
	EndGlobalSection
	GlobalSection(ProjectConfigurationPlatforms) = postSolution
		{186C1ACD-A142-4AF6-852E-704895054D24}.Debug|Any CPU.ActiveCfg = Debug|Any CPU
		{186C1ACD-A142-4AF6-852E-704895054D24}.Debug|Any CPU.Build.0 = Debug|Any CPU
		{186C1ACD-A142-4AF6-852E-704895054D24}.Release|Any CPU.ActiveCfg = Release|Any CPU
		{186C1ACD-A142-4AF6-852E-704895054D24}.Release|Any CPU.Build.0 = Release|Any CPU
	EndGlobalSection
	GlobalSection(SolutionProperties) = preSolution
		HideSolutionNode = FALSE
	EndGlobalSection
	GlobalSection(ExtensibilityGlobals) = postSolution
		SolutionGuid = {FB8DFE72-A43B-4FCA-B963-310819460CB9}
	EndGlobalSection
EndGlobal
